
Microsoft Visual Studio Solution File, Format Version 12.00
# Visual Studio Version 17
VisualStudioVersion = 17.9.34622.214
MinimumVisualStudioVersion = 10.0.40219.1
Project("{9A19103F-16F7-4668-BE54-9A1E7A4F7556}") = "AzureHostedWebApp", "AzureHostedWebApp\AzureHostedWebApp.csproj", "{54D0AF29-8C65-4C7C-9AE2-80AA24A57D95}"
EndProject
Global
	GlobalSection(SolutionConfigurationPlatforms) = preSolution
		Debug|Any CPU = Debug|Any CPU
		Release|Any CPU = Release|Any CPU
	EndGlobalSection
	GlobalSection(ProjectConfigurationPlatforms) = postSolution
		{54D0AF29-8C65-4C7C-9AE2-80AA24A57D95}.Debug|Any CPU.ActiveCfg = Debug|Any CPU
		{54D0AF29-8C65-4C7C-9AE2-80AA24A57D95}.Debug|Any CPU.Build.0 = Debug|Any CPU
		{54D0AF29-8C65-4C7C-9AE2-80AA24A57D95}.Release|Any CPU.ActiveCfg = Release|Any CPU
		{54D0AF29-8C65-4C7C-9AE2-80AA24A57D95}.Release|Any CPU.Build.0 = Release|Any CPU
	EndGlobalSection
	GlobalSection(SolutionProperties) = preSolution
		HideSolutionNode = FALSE
	EndGlobalSection
	GlobalSection(ExtensibilityGlobals) = postSolution
		SolutionGuid = {B09D84D7-7A9C-46C3-A81A-26B5051E29FF}
	EndGlobalSection
EndGlobal
